
Microsoft Visual Studio Solution File, Format Version 12.00
# Visual Studio Version 17
VisualStudioVersion = 17.4.33103.184
MinimumVisualStudioVersion = 10.0.40219.1
Project("{9A19103F-16F7-4668-BE54-9A1E7A4F7556}") = "BootstrapperShell", "BootstrapperShell.csproj", "{0BAFE9EA-F369-4DA7-8DE2-6B941042DB3C}"
EndProject
Global
	GlobalSection(SolutionConfigurationPlatforms) = preSolution
		Debug|Any CPU = Debug|Any CPU
		Release|Any CPU = Release|Any CPU
	EndGlobalSection
	GlobalSection(ProjectConfigurationPlatforms) = postSolution
		{0BAFE9EA-F369-4DA7-8DE2-6B941042DB3C}.Debug|Any CPU.ActiveCfg = Debug|Any CPU
		{0BAFE9EA-F369-4DA7-8DE2-6B941042DB3C}.Debug|Any CPU.Build.0 = Debug|Any CPU
		{0BAFE9EA-F369-4DA7-8DE2-6B941042DB3C}.Release|Any CPU.ActiveCfg = Release|Any CPU
		{0BAFE9EA-F369-4DA7-8DE2-6B941042DB3C}.Release|Any CPU.Build.0 = Release|Any CPU
	EndGlobalSection
	GlobalSection(SolutionProperties) = preSolution
		HideSolutionNode = FALSE
	EndGlobalSection
	GlobalSection(ExtensibilityGlobals) = postSolution
		SolutionGuid = {1D4AEDD0-D910-465D-814C-599BFD45F002}
	EndGlobalSection
EndGlobal
