
Microsoft Visual Studio Solution File, Format Version 12.00
# Visual Studio Version 17
VisualStudioVersion = 17.0.31903.59
MinimumVisualStudioVersion = 10.0.40219.1
Project("{9A19103F-16F7-4668-BE54-9A1E7A4F7556}") = "SimplePrismShell", "SimplePrismShell\SimplePrismShell.csproj", "{9180E544-82E8-4E09-8F8E-E4FB7B13584C}"
EndProject
Project("{9A19103F-16F7-4668-BE54-9A1E7A4F7556}") = "ModuleA", "ModuleA\ModuleA.csproj", "{3471B7D2-1316-49A3-ABD9-4274E612B817}"
EndProject
Project("{FAE04EC0-301F-11D3-BF4B-00C04F79EFBC}") = "SimplePrismShell.Core", "SimplePrismShell.Core\SimplePrismShell.Core.csproj", "{EDD7BCD6-9488-42ED-8571-E286DA9C60EA}"
EndProject
Global
	GlobalSection(SolutionConfigurationPlatforms) = preSolution
		Debug|Any CPU = Debug|Any CPU
		Release|Any CPU = Release|Any CPU
	EndGlobalSection
	GlobalSection(ProjectConfigurationPlatforms) = postSolution
		{9180E544-82E8-4E09-8F8E-E4FB7B13584C}.Debug|Any CPU.ActiveCfg = Debug|Any CPU
		{9180E544-82E8-4E09-8F8E-E4FB7B13584C}.Debug|Any CPU.Build.0 = Debug|Any CPU
		{9180E544-82E8-4E09-8F8E-E4FB7B13584C}.Release|Any CPU.ActiveCfg = Release|Any CPU
		{9180E544-82E8-4E09-8F8E-E4FB7B13584C}.Release|Any CPU.Build.0 = Release|Any CPU
		{3471B7D2-1316-49A3-ABD9-4274E612B817}.Debug|Any CPU.ActiveCfg = Debug|Any CPU
		{3471B7D2-1316-49A3-ABD9-4274E612B817}.Debug|Any CPU.Build.0 = Debug|Any CPU
		{3471B7D2-1316-49A3-ABD9-4274E612B817}.Release|Any CPU.ActiveCfg = Release|Any CPU
		{3471B7D2-1316-49A3-ABD9-4274E612B817}.Release|Any CPU.Build.0 = Release|Any CPU
		{EDD7BCD6-9488-42ED-8571-E286DA9C60EA}.Debug|Any CPU.ActiveCfg = Debug|Any CPU
		{EDD7BCD6-9488-42ED-8571-E286DA9C60EA}.Debug|Any CPU.Build.0 = Debug|Any CPU
		{EDD7BCD6-9488-42ED-8571-E286DA9C60EA}.Release|Any CPU.ActiveCfg = Release|Any CPU
		{EDD7BCD6-9488-42ED-8571-E286DA9C60EA}.Release|Any CPU.Build.0 = Release|Any CPU
	EndGlobalSection
	GlobalSection(SolutionProperties) = preSolution
		HideSolutionNode = FALSE
	EndGlobalSection
	GlobalSection(ExtensibilityGlobals) = postSolution
		SolutionGuid = {4E23EFF1-D695-4A69-A698-9B8CEA21F9A6}
	EndGlobalSection
EndGlobal
